// !$*UTF8*$!
{
	archiveVersion = 1;
	classes = {
	};
	objectVersion = 46;
	objects = {

/* Begin PBXBuildFile section */
		720F04DA1EF7E1DF00A14CFA /* SearchViewController.swift in Sources */ = {isa = PBXBuildFile; fileRef = 720F04D91EF7E1DF00A14CFA /* SearchViewController.swift */; };
		7235F3971EF93B850029F30D /* HTTPHandler.swift in Sources */ = {isa = PBXBuildFile; fileRef = 7235F3961EF93B850029F30D /* HTTPHandler.swift */; };
		7235F3991EF93FE00029F30D /* JSONParser.swift in Sources */ = {isa = PBXBuildFile; fileRef = 7235F3981EF93FE00029F30D /* JSONParser.swift */; };
		7235F39B1EF941400029F30D /* MovieDataProcessor.swift in Sources */ = {isa = PBXBuildFile; fileRef = 7235F39A1EF941400029F30D /* MovieDataProcessor.swift */; };
		72ACD09C1EF6E6AE003E2409 /* Movie.swift in Sources */ = {isa = PBXBuildFile; fileRef = 72ACD09B1EF6E6AE003E2409 /* Movie.swift */; };
		72C2C3641EF6D8D9001E695B /* AppDelegate.swift in Sources */ = {isa = PBXBuildFile; fileRef = 72C2C3631EF6D8D9001E695B /* AppDelegate.swift */; };
		72C2C3661EF6D8D9001E695B /* ViewController.swift in Sources */ = {isa = PBXBuildFile; fileRef = 72C2C3651EF6D8D9001E695B /* ViewController.swift */; };
		72C2C3691EF6D8D9001E695B /* Main.storyboard in Resources */ = {isa = PBXBuildFile; fileRef = 72C2C3671EF6D8D9001E695B /* Main.storyboard */; };
		72C2C36B1EF6D8D9001E695B /* Assets.xcassets in Resources */ = {isa = PBXBuildFile; fileRef = 72C2C36A1EF6D8D9001E695B /* Assets.xcassets */; };
		72C2C36E1EF6D8D9001E695B /* LaunchScreen.storyboard in Resources */ = {isa = PBXBuildFile; fileRef = 72C2C36C1EF6D8D9001E695B /* LaunchScreen.storyboard */; };
		72C2C3761EF6DD90001E695B /* CustomTableViewCell.swift in Sources */ = {isa = PBXBuildFile; fileRef = 72C2C3751EF6DD90001E695B /* CustomTableViewCell.swift */; };
/* End PBXBuildFile section */

/* Begin PBXFileReference section */
		720F04D91EF7E1DF00A14CFA /* SearchViewController.swift */ = {isa = PBXFileReference; fileEncoding = 4; lastKnownFileType = sourcecode.swift; path = SearchViewController.swift; sourceTree = "<group>"; };
		7235F3961EF93B850029F30D /* HTTPHandler.swift */ = {isa = PBXFileReference; fileEncoding = 4; lastKnownFileType = sourcecode.swift; path = HTTPHandler.swift; sourceTree = "<group>"; };
		7235F3981EF93FE00029F30D /* JSONParser.swift */ = {isa = PBXFileReference; fileEncoding = 4; lastKnownFileType = sourcecode.swift; path = JSONParser.swift; sourceTree = "<group>"; };
		7235F39A1EF941400029F30D /* MovieDataProcessor.swift */ = {isa = PBXFileReference; fileEncoding = 4; lastKnownFileType = sourcecode.swift; path = MovieDataProcessor.swift; sourceTree = "<group>"; };
		72ACD09B1EF6E6AE003E2409 /* Movie.swift */ = {isa = PBXFileReference; fileEncoding = 4; lastKnownFileType = sourcecode.swift; path = Movie.swift; sourceTree = "<group>"; };
		72C2C3601EF6D8D9001E695B /* favorite-movies.app */ = {isa = PBXFileReference; explicitFileType = wrapper.application; includeInIndex = 0; path = "favorite-movies.app"; sourceTree = BUILT_PRODUCTS_DIR; };
		72C2C3631EF6D8D9001E695B /* AppDelegate.swift */ = {isa = PBXFileReference; lastKnownFileType = sourcecode.swift; path = AppDelegate.swift; sourceTree = "<group>"; };
		72C2C3651EF6D8D9001E695B /* ViewController.swift */ = {isa = PBXFileReference; lastKnownFileType = sourcecode.swift; path = ViewController.swift; sourceTree = "<group>"; };
		72C2C3681EF6D8D9001E695B /* Base */ = {isa = PBXFileReference; lastKnownFileType = file.storyboard; name = Base; path = Base.lproj/Main.storyboard; sourceTree = "<group>"; };
		72C2C36A1EF6D8D9001E695B /* Assets.xcassets */ = {isa = PBXFileReference; lastKnownFileType = folder.assetcatalog; path = Assets.xcassets; sourceTree = "<group>"; };
		72C2C36D1EF6D8D9001E695B /* Base */ = {isa = PBXFileReference; lastKnownFileType = file.storyboard; name = Base; path = Base.lproj/LaunchScreen.storyboard; sourceTree = "<group>"; };
		72C2C36F1EF6D8D9001E695B /* Info.plist */ = {isa = PBXFileReference; lastKnownFileType = text.plist.xml; path = Info.plist; sourceTree = "<group>"; };
		72C2C3751EF6DD90001E695B /* CustomTableViewCell.swift */ = {isa = PBXFileReference; fileEncoding = 4; lastKnownFileType = sourcecode.swift; path = CustomTableViewCell.swift; sourceTree = "<group>"; };
/* End PBXFileReference section */

/* Begin PBXFrameworksBuildPhase section */
		72C2C35D1EF6D8D9001E695B /* Frameworks */ = {
			isa = PBXFrameworksBuildPhase;
			buildActionMask = 2147483647;
			files = (
			);
			runOnlyForDeploymentPostprocessing = 0;
		};
/* End PBXFrameworksBuildPhase section */

/* Begin PBXGroup section */
		72C2C3571EF6D8D9001E695B = {
			isa = PBXGroup;
			children = (
				72C2C3621EF6D8D9001E695B /* favorite-movies */,
				72C2C3611EF6D8D9001E695B /* Products */,
			);
			sourceTree = "<group>";
		};
		72C2C3611EF6D8D9001E695B /* Products */ = {
			isa = PBXGroup;
			children = (
				72C2C3601EF6D8D9001E695B /* favorite-movies.app */,
			);
			name = Products;
			sourceTree = "<group>";
		};
		72C2C3621EF6D8D9001E695B /* favorite-movies */ = {
			isa = PBXGroup;
			children = (
				72C2C3631EF6D8D9001E695B /* AppDelegate.swift */,
				72C2C3651EF6D8D9001E695B /* ViewController.swift */,
				72C2C3671EF6D8D9001E695B /* Main.storyboard */,
				72C2C36A1EF6D8D9001E695B /* Assets.xcassets */,
				72C2C36C1EF6D8D9001E695B /* LaunchScreen.storyboard */,
				72C2C36F1EF6D8D9001E695B /* Info.plist */,
				72C2C3751EF6DD90001E695B /* CustomTableViewCell.swift */,
				72ACD09B1EF6E6AE003E2409 /* Movie.swift */,
				720F04D91EF7E1DF00A14CFA /* SearchViewController.swift */,
				7235F3961EF93B850029F30D /* HTTPHandler.swift */,
				7235F3981EF93FE00029F30D /* JSONParser.swift */,
				7235F39A1EF941400029F30D /* MovieDataProcessor.swift */,
			);
			path = "favorite-movies";
			sourceTree = "<group>";
		};
/* End PBXGroup section */

/* Begin PBXNativeTarget section */
		72C2C35F1EF6D8D9001E695B /* favorite-movies */ = {
			isa = PBXNativeTarget;
			buildConfigurationList = 72C2C3721EF6D8D9001E695B /* Build configuration list for PBXNativeTarget "favorite-movies" */;
			buildPhases = (
				72C2C35C1EF6D8D9001E695B /* Sources */,
				72C2C35D1EF6D8D9001E695B /* Frameworks */,
				72C2C35E1EF6D8D9001E695B /* Resources */,
			);
			buildRules = (
			);
			dependencies = (
			);
			name = "favorite-movies";
			productName = "favorite-movies";
			productReference = 72C2C3601EF6D8D9001E695B /* favorite-movies.app */;
			productType = "com.apple.product-type.application";
		};
/* End PBXNativeTarget section */

/* Begin PBXProject section */
		72C2C3581EF6D8D9001E695B /* Project object */ = {
			isa = PBXProject;
			attributes = {
				LastSwiftUpdateCheck = 0830;
				LastUpgradeCheck = 0830;
				ORGANIZATIONNAME = wl;
				TargetAttributes = {
					72C2C35F1EF6D8D9001E695B = {
						CreatedOnToolsVersion = 8.3.3;
						ProvisioningStyle = Automatic;
					};
				};
			};
			buildConfigurationList = 72C2C35B1EF6D8D9001E695B /* Build configuration list for PBXProject "favorite-movies" */;
			compatibilityVersion = "Xcode 3.2";
			developmentRegion = English;
			hasScannedForEncodings = 0;
			knownRegions = (
				en,
				Base,
			);
			mainGroup = 72C2C3571EF6D8D9001E695B;
			productRefGroup = 72C2C3611EF6D8D9001E695B /* Products */;
			projectDirPath = "";
			projectRoot = "";
			targets = (
				72C2C35F1EF6D8D9001E695B /* favorite-movies */,
			);
		};
/* End PBXProject section */

/* Begin PBXResourcesBuildPhase section */
		72C2C35E1EF6D8D9001E695B /* Resources */ = {
			isa = PBXResourcesBuildPhase;
			buildActionMask = 2147483647;
			files = (
				72C2C36E1EF6D8D9001E695B /* LaunchScreen.storyboard in Resources */,
				72C2C36B1EF6D8D9001E695B /* Assets.xcassets in Resources */,
				72C2C3691EF6D8D9001E695B /* Main.storyboard in Resources */,
			);
			runOnlyForDeploymentPostprocessing = 0;
		};
/* End PBXResourcesBuildPhase section */

/* Begin PBXSourcesBuildPhase section */
		72C2C35C1EF6D8D9001E695B /* Sources */ = {
			isa = PBXSourcesBuildPhase;
			buildActionMask = 2147483647;
			files = (
				720F04DA1EF7E1DF00A14CFA /* SearchViewController.swift in Sources */,
				72C2C3761EF6DD90001E695B /* CustomTableViewCell.swift in Sources */,
				7235F3991EF93FE00029F30D /* JSONParser.swift in Sources */,
				72C2C3661EF6D8D9001E695B /* ViewController.swift in Sources */,
				72ACD09C1EF6E6AE003E2409 /* Movie.swift in Sources */,
				7235F39B1EF941400029F30D /* MovieDataProcessor.swift in Sources */,
				7235F3971EF93B850029F30D /* HTTPHandler.swift in Sources */,
				72C2C3641EF6D8D9001E695B /* AppDelegate.swift in Sources */,
			);
			runOnlyForDeploymentPostprocessing = 0;
		};
/* End PBXSourcesBuildPhase section */

/* Begin PBXVariantGroup section */
		72C2C3671EF6D8D9001E695B /* Main.storyboard */ = {
			isa = PBXVariantGroup;
			children = (
				72C2C3681EF6D8D9001E695B /* Base */,
			);
			name = Main.storyboard;
			sourceTree = "<group>";
		};
		72C2C36C1EF6D8D9001E695B /* LaunchScreen.storyboard */ = {
			isa = PBXVariantGroup;
			children = (
				72C2C36D1EF6D8D9001E695B /* Base */,
			);
			name = LaunchScreen.storyboard;
			sourceTree = "<group>";
		};
/* End PBXVariantGroup section */

/* Begin XCBuildConfiguration section */
		72C2C3701EF6D8D9001E695B /* Debug */ = {
			isa = XCBuildConfiguration;
			buildSettings = {
				ALWAYS_SEARCH_USER_PATHS = NO;
				CLANG_ANALYZER_NONNULL = YES;
				CLANG_ANALYZER_NUMBER_OBJECT_CONVERSION = YES_AGGRESSIVE;
				CLANG_CXX_LANGUAGE_STANDARD = "gnu++0x";
				CLANG_CXX_LIBRARY = "libc++";
				CLANG_ENABLE_MODULES = YES;
				CLANG_ENABLE_OBJC_ARC = YES;
				CLANG_WARN_BOOL_CONVERSION = YES;
				CLANG_WARN_CONSTANT_CONVERSION = YES;
				CLANG_WARN_DIRECT_OBJC_ISA_USAGE = YES_ERROR;
				CLANG_WARN_DOCUMENTATION_COMMENTS = YES;
				CLANG_WARN_EMPTY_BODY = YES;
				CLANG_WARN_ENUM_CONVERSION = YES;
				CLANG_WARN_INFINITE_RECURSION = YES;
				CLANG_WARN_INT_CONVERSION = YES;
				CLANG_WARN_OBJC_ROOT_CLASS = YES_ERROR;
				CLANG_WARN_SUSPICIOUS_MOVE = YES;
				CLANG_WARN_UNREACHABLE_CODE = YES;
				CLANG_WARN__DUPLICATE_METHOD_MATCH = YES;
				"CODE_SIGN_IDENTITY[sdk=iphoneos*]" = "iPhone Developer";
				COPY_PHASE_STRIP = NO;
				DEBUG_INFORMATION_FORMAT = dwarf;
				ENABLE_STRICT_OBJC_MSGSEND = YES;
				ENABLE_TESTABILITY = YES;
				GCC_C_LANGUAGE_STANDARD = gnu99;
				GCC_DYNAMIC_NO_PIC = NO;
				GCC_NO_COMMON_BLOCKS = YES;
				GCC_OPTIMIZATION_LEVEL = 0;
				GCC_PREPROCESSOR_DEFINITIONS = (
					"DEBUG=1",
					"$(inherited)",
				);
				GCC_WARN_64_TO_32_BIT_CONVERSION = YES;
				GCC_WARN_ABOUT_RETURN_TYPE = YES_ERROR;
				GCC_WARN_UNDECLARED_SELECTOR = YES;
				GCC_WARN_UNINITIALIZED_AUTOS = YES_AGGRESSIVE;
				GCC_WARN_UNUSED_FUNCTION = YES;
				GCC_WARN_UNUSED_VARIABLE = YES;
				IPHONEOS_DEPLOYMENT_TARGET = 10.3;
				MTL_ENABLE_DEBUG_INFO = YES;
				ONLY_ACTIVE_ARCH = YES;
				SDKROOT = iphoneos;
				SWIFT_ACTIVE_COMPILATION_CONDITIONS = DEBUG;
				SWIFT_OPTIMIZATION_LEVEL = "-Onone";
				TARGETED_DEVICE_FAMILY = "1,2";
			};
			name = Debug;
		};
		72C2C3711EF6D8D9001E695B /* Release */ = {
			isa = XCBuildConfiguration;
			buildSettings = {
				ALWAYS_SEARCH_USER_PATHS = NO;
				CLANG_ANALYZER_NONNULL = YES;
				CLANG_ANALYZER_NUMBER_OBJECT_CONVERSION = YES_AGGRESSIVE;
				CLANG_CXX_LANGUAGE_STANDARD = "gnu++0x";
				CLANG_CXX_LIBRARY = "libc++";
				CLANG_ENABLE_MODULES = YES;
				CLANG_ENABLE_OBJC_ARC = YES;
				CLANG_WARN_BOOL_CONVERSION = YES;
				CLANG_WARN_CONSTANT_CONVERSION = YES;
				CLANG_WARN_DIRECT_OBJC_ISA_USAGE = YES_ERROR;
				CLANG_WARN_DOCUMENTATION_COMMENTS = YES;
				CLANG_WARN_EMPTY_BODY = YES;
				CLANG_WARN_ENUM_CONVERSION = YES;
				CLANG_WARN_INFINITE_RECURSION = YES;
				CLANG_WARN_INT_CONVERSION = YES;
				CLANG_WARN_OBJC_ROOT_CLASS = YES_ERROR;
				CLANG_WARN_SUSPICIOUS_MOVE = YES;
				CLANG_WARN_UNREACHABLE_CODE = YES;
				CLANG_WARN__DUPLICATE_METHOD_MATCH = YES;
				"CODE_SIGN_IDENTITY[sdk=iphoneos*]" = "iPhone Developer";
				COPY_PHASE_STRIP = NO;
				DEBUG_INFORMATION_FORMAT = "dwarf-with-dsym";
				ENABLE_NS_ASSERTIONS = NO;
				ENABLE_STRICT_OBJC_MSGSEND = YES;
				GCC_C_LANGUAGE_STANDARD = gnu99;
				GCC_NO_COMMON_BLOCKS = YES;
				GCC_WARN_64_TO_32_BIT_CONVERSION = YES;
				GCC_WARN_ABOUT_RETURN_TYPE = YES_ERROR;
				GCC_WARN_UNDECLARED_SELECTOR = YES;
				GCC_WARN_UNINITIALIZED_AUTOS = YES_AGGRESSIVE;
				GCC_WARN_UNUSED_FUNCTION = YES;
				GCC_WARN_UNUSED_VARIABLE = YES;
				IPHONEOS_DEPLOYMENT_TARGET = 10.3;
				MTL_ENABLE_DEBUG_INFO = NO;
				SDKROOT = iphoneos;
				SWIFT_OPTIMIZATION_LEVEL = "-Owholemodule";
				TARGETED_DEVICE_FAMILY = "1,2";
				VALIDATE_PRODUCT = YES;
			};
			name = Release;
		};
		72C2C3731EF6D8D9001E695B /* Debug */ = {
			isa = XCBuildConfiguration;
			buildSettings = {
				ASSETCATALOG_COMPILER_APPICON_NAME = AppIcon;
				INFOPLIST_FILE = "favorite-movies/Info.plist";
				LD_RUNPATH_SEARCH_PATHS = "$(inherited) @executable_path/Frameworks";
				PRODUCT_BUNDLE_IDENTIFIER = "com.favorite-movies";
				PRODUCT_NAME = "$(TARGET_NAME)";
				SWIFT_VERSION = 3.0;
			};
			name = Debug;
		};
		72C2C3741EF6D8D9001E695B /* Release */ = {
			isa = XCBuildConfiguration;
			buildSettings = {
				ASSETCATALOG_COMPILER_APPICON_NAME = AppIcon;
				INFOPLIST_FILE = "favorite-movies/Info.plist";
				LD_RUNPATH_SEARCH_PATHS = "$(inherited) @executable_path/Frameworks";
				PRODUCT_BUNDLE_IDENTIFIER = "com.favorite-movies";
				PRODUCT_NAME = "$(TARGET_NAME)";
				SWIFT_VERSION = 3.0;
			};
			name = Release;
		};
/* End XCBuildConfiguration section */

/* Begin XCConfigurationList section */
		72C2C35B1EF6D8D9001E695B /* Build configuration list for PBXProject "favorite-movies" */ = {
			isa = XCConfigurationList;
			buildConfigurations = (
				72C2C3701EF6D8D9001E695B /* Debug */,
				72C2C3711EF6D8D9001E695B /* Release */,
			);
			defaultConfigurationIsVisible = 0;
			defaultConfigurationName = Release;
		};
		72C2C3721EF6D8D9001E695B /* Build configuration list for PBXNativeTarget "favorite-movies" */ = {
			isa = XCConfigurationList;
			buildConfigurations = (
				72C2C3731EF6D8D9001E695B /* Debug */,
				72C2C3741EF6D8D9001E695B /* Release */,
			);
			defaultConfigurationIsVisible = 0;
			defaultConfigurationName = Release;
		};
/* End XCConfigurationList section */
	};
	rootObject = 72C2C3581EF6D8D9001E695B /* Project object */;
}
