// !$*UTF8*$!
{
	archiveVersion = 1;
	classes = {
	};
	objectVersion = 46;
	objects = {

/* Begin PBXBuildFile section */
		72421F371EFD29710010F263 /* ProductViewController.swift in Sources */ = {isa = PBXBuildFile; fileRef = 72421F361EFD29710010F263 /* ProductViewController.swift */; };
		72421F391EFD2DF40010F263 /* ContactViewController.swift in Sources */ = {isa = PBXBuildFile; fileRef = 72421F381EFD2DF40010F263 /* ContactViewController.swift */; };
		72421F3B1EFD36750010F263 /* TaskTableViewController.swift in Sources */ = {isa = PBXBuildFile; fileRef = 72421F3A1EFD36750010F263 /* TaskTableViewController.swift */; };
		72E8FAF01EFCF5470076214C /* AppDelegate.swift in Sources */ = {isa = PBXBuildFile; fileRef = 72E8FAEF1EFCF5470076214C /* AppDelegate.swift */; };
		72E8FAF21EFCF5470076214C /* ViewController.swift in Sources */ = {isa = PBXBuildFile; fileRef = 72E8FAF11EFCF5470076214C /* ViewController.swift */; };
		72E8FAF51EFCF5470076214C /* Main.storyboard in Resources */ = {isa = PBXBuildFile; fileRef = 72E8FAF31EFCF5470076214C /* Main.storyboard */; };
		72E8FAF71EFCF5470076214C /* Assets.xcassets in Resources */ = {isa = PBXBuildFile; fileRef = 72E8FAF61EFCF5470076214C /* Assets.xcassets */; };
		72E8FAFA1EFCF5470076214C /* LaunchScreen.storyboard in Resources */ = {isa = PBXBuildFile; fileRef = 72E8FAF81EFCF5470076214C /* LaunchScreen.storyboard */; };
/* End PBXBuildFile section */

/* Begin PBXFileReference section */
		72421F361EFD29710010F263 /* ProductViewController.swift */ = {isa = PBXFileReference; fileEncoding = 4; lastKnownFileType = sourcecode.swift; path = ProductViewController.swift; sourceTree = "<group>"; };
		72421F381EFD2DF40010F263 /* ContactViewController.swift */ = {isa = PBXFileReference; fileEncoding = 4; lastKnownFileType = sourcecode.swift; path = ContactViewController.swift; sourceTree = "<group>"; };
		72421F3A1EFD36750010F263 /* TaskTableViewController.swift */ = {isa = PBXFileReference; fileEncoding = 4; lastKnownFileType = sourcecode.swift; path = TaskTableViewController.swift; sourceTree = "<group>"; };
		72E8FAEC1EFCF5470076214C /* SHIVTracking.app */ = {isa = PBXFileReference; explicitFileType = wrapper.application; includeInIndex = 0; path = SHIVTracking.app; sourceTree = BUILT_PRODUCTS_DIR; };
		72E8FAEF1EFCF5470076214C /* AppDelegate.swift */ = {isa = PBXFileReference; lastKnownFileType = sourcecode.swift; path = AppDelegate.swift; sourceTree = "<group>"; };
		72E8FAF11EFCF5470076214C /* ViewController.swift */ = {isa = PBXFileReference; lastKnownFileType = sourcecode.swift; path = ViewController.swift; sourceTree = "<group>"; };
		72E8FAF41EFCF5470076214C /* Base */ = {isa = PBXFileReference; lastKnownFileType = file.storyboard; name = Base; path = Base.lproj/Main.storyboard; sourceTree = "<group>"; };
		72E8FAF61EFCF5470076214C /* Assets.xcassets */ = {isa = PBXFileReference; lastKnownFileType = folder.assetcatalog; path = Assets.xcassets; sourceTree = "<group>"; };
		72E8FAF91EFCF5470076214C /* Base */ = {isa = PBXFileReference; lastKnownFileType = file.storyboard; name = Base; path = Base.lproj/LaunchScreen.storyboard; sourceTree = "<group>"; };
		72E8FAFB1EFCF5470076214C /* Info.plist */ = {isa = PBXFileReference; lastKnownFileType = text.plist.xml; path = Info.plist; sourceTree = "<group>"; };
/* End PBXFileReference section */

/* Begin PBXFrameworksBuildPhase section */
		72E8FAE91EFCF5470076214C /* Frameworks */ = {
			isa = PBXFrameworksBuildPhase;
			buildActionMask = 2147483647;
			files = (
			);
			runOnlyForDeploymentPostprocessing = 0;
		};
/* End PBXFrameworksBuildPhase section */

/* Begin PBXGroup section */
		72E8FAE31EFCF5470076214C = {
			isa = PBXGroup;
			children = (
				72E8FAEE1EFCF5470076214C /* SHIVTracking */,
				72E8FAED1EFCF5470076214C /* Products */,
			);
			sourceTree = "<group>";
		};
		72E8FAED1EFCF5470076214C /* Products */ = {
			isa = PBXGroup;
			children = (
				72E8FAEC1EFCF5470076214C /* SHIVTracking.app */,
			);
			name = Products;
			sourceTree = "<group>";
		};
		72E8FAEE1EFCF5470076214C /* SHIVTracking */ = {
			isa = PBXGroup;
			children = (
				72E8FAEF1EFCF5470076214C /* AppDelegate.swift */,
				72E8FAF11EFCF5470076214C /* ViewController.swift */,
				72E8FAF31EFCF5470076214C /* Main.storyboard */,
				72E8FAF61EFCF5470076214C /* Assets.xcassets */,
				72E8FAF81EFCF5470076214C /* LaunchScreen.storyboard */,
				72E8FAFB1EFCF5470076214C /* Info.plist */,
				72421F361EFD29710010F263 /* ProductViewController.swift */,
				72421F381EFD2DF40010F263 /* ContactViewController.swift */,
				72421F3A1EFD36750010F263 /* TaskTableViewController.swift */,
			);
			path = SHIVTracking;
			sourceTree = "<group>";
		};
/* End PBXGroup section */

/* Begin PBXNativeTarget section */
		72E8FAEB1EFCF5470076214C /* SHIVTracking */ = {
			isa = PBXNativeTarget;
			buildConfigurationList = 72E8FAFE1EFCF5470076214C /* Build configuration list for PBXNativeTarget "SHIVTracking" */;
			buildPhases = (
				72E8FAE81EFCF5470076214C /* Sources */,
				72E8FAE91EFCF5470076214C /* Frameworks */,
				72E8FAEA1EFCF5470076214C /* Resources */,
			);
			buildRules = (
			);
			dependencies = (
			);
			name = SHIVTracking;
			productName = SHIVTracking;
			productReference = 72E8FAEC1EFCF5470076214C /* SHIVTracking.app */;
			productType = "com.apple.product-type.application";
		};
/* End PBXNativeTarget section */

/* Begin PBXProject section */
		72E8FAE41EFCF5470076214C /* Project object */ = {
			isa = PBXProject;
			attributes = {
				LastSwiftUpdateCheck = 0830;
				LastUpgradeCheck = 0830;
				ORGANIZATIONNAME = DDTH;
				TargetAttributes = {
					72E8FAEB1EFCF5470076214C = {
						CreatedOnToolsVersion = 8.3.3;
						ProvisioningStyle = Automatic;
					};
				};
			};
			buildConfigurationList = 72E8FAE71EFCF5470076214C /* Build configuration list for PBXProject "SHIVTracking" */;
			compatibilityVersion = "Xcode 3.2";
			developmentRegion = English;
			hasScannedForEncodings = 0;
			knownRegions = (
				en,
				Base,
			);
			mainGroup = 72E8FAE31EFCF5470076214C;
			productRefGroup = 72E8FAED1EFCF5470076214C /* Products */;
			projectDirPath = "";
			projectRoot = "";
			targets = (
				72E8FAEB1EFCF5470076214C /* SHIVTracking */,
			);
		};
/* End PBXProject section */

/* Begin PBXResourcesBuildPhase section */
		72E8FAEA1EFCF5470076214C /* Resources */ = {
			isa = PBXResourcesBuildPhase;
			buildActionMask = 2147483647;
			files = (
				72E8FAFA1EFCF5470076214C /* LaunchScreen.storyboard in Resources */,
				72E8FAF71EFCF5470076214C /* Assets.xcassets in Resources */,
				72E8FAF51EFCF5470076214C /* Main.storyboard in Resources */,
			);
			runOnlyForDeploymentPostprocessing = 0;
		};
/* End PBXResourcesBuildPhase section */

/* Begin PBXSourcesBuildPhase section */
		72E8FAE81EFCF5470076214C /* Sources */ = {
			isa = PBXSourcesBuildPhase;
			buildActionMask = 2147483647;
			files = (
				72421F3B1EFD36750010F263 /* TaskTableViewController.swift in Sources */,
				72421F371EFD29710010F263 /* ProductViewController.swift in Sources */,
				72421F391EFD2DF40010F263 /* ContactViewController.swift in Sources */,
				72E8FAF21EFCF5470076214C /* ViewController.swift in Sources */,
				72E8FAF01EFCF5470076214C /* AppDelegate.swift in Sources */,
			);
			runOnlyForDeploymentPostprocessing = 0;
		};
/* End PBXSourcesBuildPhase section */

/* Begin PBXVariantGroup section */
		72E8FAF31EFCF5470076214C /* Main.storyboard */ = {
			isa = PBXVariantGroup;
			children = (
				72E8FAF41EFCF5470076214C /* Base */,
			);
			name = Main.storyboard;
			sourceTree = "<group>";
		};
		72E8FAF81EFCF5470076214C /* LaunchScreen.storyboard */ = {
			isa = PBXVariantGroup;
			children = (
				72E8FAF91EFCF5470076214C /* Base */,
			);
			name = LaunchScreen.storyboard;
			sourceTree = "<group>";
		};
/* End PBXVariantGroup section */

/* Begin XCBuildConfiguration section */
		72E8FAFC1EFCF5470076214C /* Debug */ = {
			isa = XCBuildConfiguration;
			buildSettings = {
				ALWAYS_SEARCH_USER_PATHS = NO;
				CLANG_ANALYZER_NONNULL = YES;
				CLANG_ANALYZER_NUMBER_OBJECT_CONVERSION = YES_AGGRESSIVE;
				CLANG_CXX_LANGUAGE_STANDARD = "gnu++0x";
				CLANG_CXX_LIBRARY = "libc++";
				CLANG_ENABLE_MODULES = YES;
				CLANG_ENABLE_OBJC_ARC = YES;
				CLANG_WARN_BOOL_CONVERSION = YES;
				CLANG_WARN_CONSTANT_CONVERSION = YES;
				CLANG_WARN_DIRECT_OBJC_ISA_USAGE = YES_ERROR;
				CLANG_WARN_DOCUMENTATION_COMMENTS = YES;
				CLANG_WARN_EMPTY_BODY = YES;
				CLANG_WARN_ENUM_CONVERSION = YES;
				CLANG_WARN_INFINITE_RECURSION = YES;
				CLANG_WARN_INT_CONVERSION = YES;
				CLANG_WARN_OBJC_ROOT_CLASS = YES_ERROR;
				CLANG_WARN_SUSPICIOUS_MOVE = YES;
				CLANG_WARN_UNREACHABLE_CODE = YES;
				CLANG_WARN__DUPLICATE_METHOD_MATCH = YES;
				"CODE_SIGN_IDENTITY[sdk=iphoneos*]" = "iPhone Developer";
				COPY_PHASE_STRIP = NO;
				DEBUG_INFORMATION_FORMAT = dwarf;
				ENABLE_STRICT_OBJC_MSGSEND = YES;
				ENABLE_TESTABILITY = YES;
				GCC_C_LANGUAGE_STANDARD = gnu99;
				GCC_DYNAMIC_NO_PIC = NO;
				GCC_NO_COMMON_BLOCKS = YES;
				GCC_OPTIMIZATION_LEVEL = 0;
				GCC_PREPROCESSOR_DEFINITIONS = (
					"DEBUG=1",
					"$(inherited)",
				);
				GCC_WARN_64_TO_32_BIT_CONVERSION = YES;
				GCC_WARN_ABOUT_RETURN_TYPE = YES_ERROR;
				GCC_WARN_UNDECLARED_SELECTOR = YES;
				GCC_WARN_UNINITIALIZED_AUTOS = YES_AGGRESSIVE;
				GCC_WARN_UNUSED_FUNCTION = YES;
				GCC_WARN_UNUSED_VARIABLE = YES;
				IPHONEOS_DEPLOYMENT_TARGET = 10.3;
				MTL_ENABLE_DEBUG_INFO = YES;
				ONLY_ACTIVE_ARCH = YES;
				SDKROOT = iphoneos;
				SWIFT_ACTIVE_COMPILATION_CONDITIONS = DEBUG;
				SWIFT_OPTIMIZATION_LEVEL = "-Onone";
			};
			name = Debug;
		};
		72E8FAFD1EFCF5470076214C /* Release */ = {
			isa = XCBuildConfiguration;
			buildSettings = {
				ALWAYS_SEARCH_USER_PATHS = NO;
				CLANG_ANALYZER_NONNULL = YES;
				CLANG_ANALYZER_NUMBER_OBJECT_CONVERSION = YES_AGGRESSIVE;
				CLANG_CXX_LANGUAGE_STANDARD = "gnu++0x";
				CLANG_CXX_LIBRARY = "libc++";
				CLANG_ENABLE_MODULES = YES;
				CLANG_ENABLE_OBJC_ARC = YES;
				CLANG_WARN_BOOL_CONVERSION = YES;
				CLANG_WARN_CONSTANT_CONVERSION = YES;
				CLANG_WARN_DIRECT_OBJC_ISA_USAGE = YES_ERROR;
				CLANG_WARN_DOCUMENTATION_COMMENTS = YES;
				CLANG_WARN_EMPTY_BODY = YES;
				CLANG_WARN_ENUM_CONVERSION = YES;
				CLANG_WARN_INFINITE_RECURSION = YES;
				CLANG_WARN_INT_CONVERSION = YES;
				CLANG_WARN_OBJC_ROOT_CLASS = YES_ERROR;
				CLANG_WARN_SUSPICIOUS_MOVE = YES;
				CLANG_WARN_UNREACHABLE_CODE = YES;
				CLANG_WARN__DUPLICATE_METHOD_MATCH = YES;
				"CODE_SIGN_IDENTITY[sdk=iphoneos*]" = "iPhone Developer";
				COPY_PHASE_STRIP = NO;
				DEBUG_INFORMATION_FORMAT = "dwarf-with-dsym";
				ENABLE_NS_ASSERTIONS = NO;
				ENABLE_STRICT_OBJC_MSGSEND = YES;
				GCC_C_LANGUAGE_STANDARD = gnu99;
				GCC_NO_COMMON_BLOCKS = YES;
				GCC_WARN_64_TO_32_BIT_CONVERSION = YES;
				GCC_WARN_ABOUT_RETURN_TYPE = YES_ERROR;
				GCC_WARN_UNDECLARED_SELECTOR = YES;
				GCC_WARN_UNINITIALIZED_AUTOS = YES_AGGRESSIVE;
				GCC_WARN_UNUSED_FUNCTION = YES;
				GCC_WARN_UNUSED_VARIABLE = YES;
				IPHONEOS_DEPLOYMENT_TARGET = 10.3;
				MTL_ENABLE_DEBUG_INFO = NO;
				SDKROOT = iphoneos;
				SWIFT_OPTIMIZATION_LEVEL = "-Owholemodule";
				VALIDATE_PRODUCT = YES;
			};
			name = Release;
		};
		72E8FAFF1EFCF5470076214C /* Debug */ = {
			isa = XCBuildConfiguration;
			buildSettings = {
				ASSETCATALOG_COMPILER_APPICON_NAME = AppIcon;
				INFOPLIST_FILE = SHIVTracking/Info.plist;
				LD_RUNPATH_SEARCH_PATHS = "$(inherited) @executable_path/Frameworks";
				PRODUCT_BUNDLE_IDENTIFIER = com.DDTH.SHIVTracking;
				PRODUCT_NAME = "$(TARGET_NAME)";
				SWIFT_VERSION = 3.0;
			};
			name = Debug;
		};
		72E8FB001EFCF5470076214C /* Release */ = {
			isa = XCBuildConfiguration;
			buildSettings = {
				ASSETCATALOG_COMPILER_APPICON_NAME = AppIcon;
				INFOPLIST_FILE = SHIVTracking/Info.plist;
				LD_RUNPATH_SEARCH_PATHS = "$(inherited) @executable_path/Frameworks";
				PRODUCT_BUNDLE_IDENTIFIER = com.DDTH.SHIVTracking;
				PRODUCT_NAME = "$(TARGET_NAME)";
				SWIFT_VERSION = 3.0;
			};
			name = Release;
		};
/* End XCBuildConfiguration section */

/* Begin XCConfigurationList section */
		72E8FAE71EFCF5470076214C /* Build configuration list for PBXProject "SHIVTracking" */ = {
			isa = XCConfigurationList;
			buildConfigurations = (
				72E8FAFC1EFCF5470076214C /* Debug */,
				72E8FAFD1EFCF5470076214C /* Release */,
			);
			defaultConfigurationIsVisible = 0;
			defaultConfigurationName = Release;
		};
		72E8FAFE1EFCF5470076214C /* Build configuration list for PBXNativeTarget "SHIVTracking" */ = {
			isa = XCConfigurationList;
			buildConfigurations = (
				72E8FAFF1EFCF5470076214C /* Debug */,
				72E8FB001EFCF5470076214C /* Release */,
			);
			defaultConfigurationIsVisible = 0;
			defaultConfigurationName = Release;
		};
/* End XCConfigurationList section */
	};
	rootObject = 72E8FAE41EFCF5470076214C /* Project object */;
}
